<?xml version="1.0" encoding="utf-8"?>
<Project ToolsVersion="4.0" xmlns="http://schemas.microsoft.com/developer/msbuild/2003">
  <ItemGroup>
    <Filter Include="Arquivos de Origem">
      <UniqueIdentifier>{4FC737F1-C7A5-4376-A066-2A32D752A2FF}</UniqueIdentifier>
      <Extensions>cpp;c;cc;cxx;def;odl;idl;hpj;bat;asm;asmx</Extensions>
    </Filter>
    <Filter Include="Arquivos de Cabeçalho">
      <UniqueIdentifier>{93995380-89BD-4b04-88EB-625FBE52EBFB}</UniqueIdentifier>
      <Extensions>h;hh;hpp;hxx;hm;inl;inc;ipp;xsd</Extensions>
    </Filter>
    <Filter Include="Arquivos de Recurso">
      <UniqueIdentifier>{67DA6AB6-F800-4c08-8B7A-83BB121AAD01}</UniqueIdentifier>
      <Extensions>rc;ico;cur;bmp;dlg;rc2;rct;bin;rgs;gif;jpg;jpeg;jpe;resx;tiff;tif;png;wav;mfcribbon-ms</Extensions>
    </Filter>
    <Filter Include="My Script Files">
      <UniqueIdentifier>{3af5dd98-d0b7-47ea-907d-627c780477bc}</UniqueIdentifier>
    </Filter>
    <Filter Include="My Script Files\Headers">
      <UniqueIdentifier>{c51a37b6-7b80-46b5-be1b-269868afd886}</UniqueIdentifier>
    </Filter>
    <Filter Include="My Script Files\SDK Extensions">
      <UniqueIdentifier>{2d2ff738-eb7a-4d66-b234-ea2400e6f038}</UniqueIdentifier>
    </Filter>
    <Filter Include="My Script Files\Activator">
      <UniqueIdentifier>{a77cf86f-4249-4e7a-9e49-6d601e6976a5}</UniqueIdentifier>
    </Filter>
    <Filter Include="My Script Files\Activator\Headers">
      <UniqueIdentifier>{0fb9aed7-39fd-4c6c-b90e-6d36d28c145b}</UniqueIdentifier>
    </Filter>
    <Filter Include="My Script Files\Data">
      <UniqueIdentifier>{c7499fe4-2006-46ea-9ca9-bc203b17616e}</UniqueIdentifier>
    </Filter>
    <Filter Include="My Script Files\DataRetriever">
      <UniqueIdentifier>{0d89c15a-fb19-4dc9-abc4-db9aeb1be15a}</UniqueIdentifier>
    </Filter>
    <Filter Include="My Script Files\DataRetriever\Header">
      <UniqueIdentifier>{395e5643-1b29-4fe0-958c-723f389efa2d}</UniqueIdentifier>
    </Filter>
    <Filter Include="My Script Files\Drawers">
      <UniqueIdentifier>{17096d4c-3377-4a7f-b813-c03860a54e4b}</UniqueIdentifier>
    </Filter>
    <Filter Include="My Script Files\Data\Headers">
      <UniqueIdentifier>{9ec17a25-97fd-484f-a977-eca6ddde241a}</UniqueIdentifier>
    </Filter>
    <Filter Include="My Script Files\Detector">
      <UniqueIdentifier>{532c60b8-da86-4cf5-ac39-99d9479769eb}</UniqueIdentifier>
    </Filter>
    <Filter Include="My Script Files\Detector\Header">
      <UniqueIdentifier>{0709fe9c-69b8-471f-a7f8-ed919009d346}</UniqueIdentifier>
    </Filter>
    <Filter Include="My Script Files\Others">
      <UniqueIdentifier>{0119ba11-b6e7-4e67-b1f3-dd6725d42f14}</UniqueIdentifier>
    </Filter>
    <Filter Include="My Script Files\Others\Header">
      <UniqueIdentifier>{9a3adae2-ddba-4998-b1b3-cb733ba0309f}</UniqueIdentifier>
    </Filter>
    <Filter Include="My Script Files\Drawings">
      <UniqueIdentifier>{137e0dea-ffa5-4d61-b46f-236847478645}</UniqueIdentifier>
    </Filter>
    <Filter Include="My Script Files\Drawings\Header">
      <UniqueIdentifier>{4dce8e79-1471-4385-ad75-c30df5735bef}</UniqueIdentifier>
    </Filter>
    <Filter Include="My Script Files\Trackers">
      <UniqueIdentifier>{2efc3bf4-03a7-42ad-a100-58253eaf301d}</UniqueIdentifier>
    </Filter>
    <Filter Include="My Script Files\Trackers\Headers">
      <UniqueIdentifier>{811140c4-a40e-4a14-920d-1ba99d2988ab}</UniqueIdentifier>
    </Filter>
    <Filter Include="My Script Files\Helpers">
      <UniqueIdentifier>{66dc5a73-46b0-41b8-92fd-ad111c9462f7}</UniqueIdentifier>
    </Filter>
    <Filter Include="My Script Files\Classes">
      <UniqueIdentifier>{a6f86709-e3d2-454e-adff-689e83b2382e}</UniqueIdentifier>
    </Filter>
  </ItemGroup>
  <ItemGroup>
    <ClInclude Include="stdafx.h">
      <Filter>Arquivos de Cabeçalho</Filter>
    </ClInclude>
    <ClInclude Include="targetver.h">
      <Filter>Arquivos de Cabeçalho</Filter>
    </ClInclude>
    <ClInclude Include="..\..\Include\clipper.hpp">
      <Filter>My Script Files\SDK Extensions</Filter>
    </ClInclude>
    <ClInclude Include="..\..\Include\Common.hpp">
      <Filter>My Script Files\SDK Extensions</Filter>
    </ClInclude>
    <ClInclude Include="..\..\Include\Game.hpp">
      <Filter>My Script Files\SDK Extensions</Filter>
    </ClInclude>
    <ClInclude Include="..\..\Include\GameObjects.hpp">
      <Filter>My Script Files\SDK Extensions</Filter>
    </ClInclude>
    <ClInclude Include="..\..\Include\IControl.h">
      <Filter>My Script Files\SDK Extensions</Filter>
    </ClInclude>
    <ClInclude Include="..\..\Include\IDamageLib.h">
      <Filter>My Script Files\SDK Extensions</Filter>
    </ClInclude>
    <ClInclude Include="..\..\Include\IEntityManager.h">
      <Filter>My Script Files\SDK Extensions</Filter>
    </ClInclude>
    <ClInclude Include="..\..\Include\IEventHandler.h">
      <Filter>My Script Files\SDK Extensions</Filter>
    </ClInclude>
    <ClInclude Include="..\..\Include\IHealthPrediction.h">
      <Filter>My Script Files\SDK Extensions</Filter>
    </ClInclude>
    <ClInclude Include="..\..\Include\Interface Structs.h">
      <Filter>My Script Files\SDK Extensions</Filter>
    </ClInclude>
    <ClInclude Include="..\..\Include\Interruptible.hpp">
      <Filter>My Script Files\SDK Extensions</Filter>
    </ClInclude>
    <ClInclude Include="..\..\Include\IOrbwalker.h">
      <Filter>My Script Files\SDK Extensions</Filter>
    </ClInclude>
    <ClInclude Include="..\..\Include\IPrediction.h">
      <Filter>My Script Files\SDK Extensions</Filter>
    </ClInclude>
    <ClInclude Include="..\..\Include\ITargetSelector.h">
      <Filter>My Script Files\SDK Extensions</Filter>
    </ClInclude>
    <ClInclude Include="..\..\Include\ItemID.h">
      <Filter>My Script Files\SDK Extensions</Filter>
    </ClInclude>
    <ClInclude Include="..\..\Include\KeyCodes.h">
      <Filter>My Script Files\SDK Extensions</Filter>
    </ClInclude>
    <ClInclude Include="..\..\Include\Macros.hpp">
      <Filter>My Script Files\SDK Extensions</Filter>
    </ClInclude>
    <ClInclude Include="..\..\Include\Menu.hpp">
      <Filter>My Script Files\SDK Extensions</Filter>
    </ClInclude>
    <ClInclude Include="..\..\Include\Renderer.hpp">
      <Filter>My Script Files\SDK Extensions</Filter>
    </ClInclude>
    <ClInclude Include="..\..\Include\SDK Extensions.h">
      <Filter>My Script Files\SDK Extensions</Filter>
    </ClInclude>
    <ClInclude Include="..\..\Include\sdkapi.h">
      <Filter>My Script Files\SDK Extensions</Filter>
    </ClInclude>
    <ClInclude Include="..\..\Include\Spell.hpp">
      <Filter>My Script Files\SDK Extensions</Filter>
    </ClInclude>
    <ClInclude Include="..\..\Include\Vectors.hpp">
      <Filter>My Script Files\SDK Extensions</Filter>
    </ClInclude>
    <ClInclude Include="Summoners.h">
      <Filter>My Script Files\Activator\Headers</Filter>
    </ClInclude>
    <ClInclude Include="Activator.h">
      <Filter>My Script Files\Activator\Headers</Filter>
    </ClInclude>
    <ClInclude Include="Consumables.h">
      <Filter>My Script Files\Activator\Headers</Filter>
    </ClInclude>
    <ClInclude Include="Offensives.h">
      <Filter>My Script Files\Activator\Headers</Filter>
    </ClInclude>
    <ClInclude Include="Defensives.h">
      <Filter>My Script Files\Activator\Headers</Filter>
    </ClInclude>
    <ClInclude Include="ItemRetriever.h">
      <Filter>My Script Files\DataRetriever\Header</Filter>
    </ClInclude>
    <ClInclude Include="CustomRanges.h">
      <Filter>My Script Files\Drawers</Filter>
    </ClInclude>
    <ClInclude Include="ItemStruct.h">
      <Filter>My Script Files\Data\Headers</Filter>
    </ClInclude>
    <ClInclude Include="Cleansers.h">
      <Filter>My Script Files\Activator\Headers</Filter>
    </ClInclude>
    <ClInclude Include="AntiAFK.h">
      <Filter>My Script Files\Others\Header</Filter>
    </ClInclude>
    <ClInclude Include="Others.h">
      <Filter>My Script Files\Others\Header</Filter>
    </ClInclude>
    <ClInclude Include="Drawings.h">
      <Filter>My Script Files\Drawings\Header</Filter>
    </ClInclude>
    <ClInclude Include="ChampionStuct.h">
      <Filter>My Script Files\Data\Headers</Filter>
    </ClInclude>
    <ClInclude Include="GankAlerter.h">
      <Filter>My Script Files\Drawings\Header</Filter>
    </ClInclude>
    <ClInclude Include="DropLists.h">
      <Filter>My Script Files\Data\Headers</Filter>
    </ClInclude>
    <ClInclude Include="CustomRange.h">
      <Filter>My Script Files\Drawings\Header</Filter>
    </ClInclude>
    <ClInclude Include="SharedExperience.h">
      <Filter>My Script Files\Detector\Header</Filter>
    </ClInclude>
    <ClInclude Include="Teleport.h">
      <Filter>My Script Files\Detector\Header</Filter>
    </ClInclude>
    <ClInclude Include="resource.h">
      <Filter>Arquivos de Cabeçalho</Filter>
    </ClInclude>
    <ClInclude Include="Detector.h">
      <Filter>My Script Files\Detector\Header</Filter>
    </ClInclude>
    <ClInclude Include="AbilityTimer.h">
      <Filter>My Script Files\Trackers\Headers</Filter>
    </ClInclude>
    <ClInclude Include="Trackers.h">
      <Filter>My Script Files\Trackers\Headers</Filter>
    </ClInclude>
    <ClInclude Include="DrawHelper.h">
      <Filter>My Script Files\Helpers</Filter>
    </ClInclude>
    <ClInclude Include="Base.h">
      <Filter>My Script Files\Classes</Filter>
    </ClInclude>
    <ClInclude Include="CloneDetector.h">
      <Filter>My Script Files\Detector\Header</Filter>
    </ClInclude>
    <ClInclude Include="DashJumpTracker.h">
      <Filter>My Script Files\Trackers\Headers</Filter>
    </ClInclude>
    <ClInclude Include="CooldownTracker.h">
      <Filter>My Script Files\Trackers\Headers</Filter>
    </ClInclude>
    <ClInclude Include="AutoEvents.h">
      <Filter>My Script Files\Others\Header</Filter>
    </ClInclude>
  </ItemGroup>
  <ItemGroup>
    <ClCompile Include="stdafx.cpp">
      <Filter>Arquivos de Origem</Filter>
    </ClCompile>
    <ClCompile Include="dllmain.cpp">
      <Filter>My Script Files</Filter>
    </ClCompile>
    <ClCompile Include="..\..\Include\clipper.cpp">
      <Filter>My Script Files\SDK Extensions</Filter>
    </ClCompile>
    <ClCompile Include="Summoners.cpp">
      <Filter>My Script Files\Activator</Filter>
    </ClCompile>
    <ClCompile Include="Activator.cpp">
      <Filter>My Script Files\Activator</Filter>
    </ClCompile>
    <ClCompile Include="Consumables.cpp">
      <Filter>My Script Files\Activator</Filter>
    </ClCompile>
    <ClCompile Include="Offensives.cpp">
      <Filter>My Script Files\Activator</Filter>
    </ClCompile>
    <ClCompile Include="Defensives.cpp">
      <Filter>My Script Files\Activator</Filter>
    </ClCompile>
    <ClCompile Include="ItemRetriever.cpp">
      <Filter>My Script Files\DataRetriever</Filter>
    </ClCompile>
    <ClCompile Include="CustomRanges.cpp">
      <Filter>My Script Files\Drawers</Filter>
    </ClCompile>
    <ClCompile Include="ItemStruct.cpp">
      <Filter>My Script Files\Data</Filter>
    </ClCompile>
    <ClCompile Include="Cleansers.cpp">
      <Filter>My Script Files\Activator</Filter>
    </ClCompile>
    <ClCompile Include="Detector.cpp">
      <Filter>My Script Files\Detector</Filter>
    </ClCompile>
    <ClCompile Include="AntiAFK.cpp">
      <Filter>My Script Files\Others</Filter>
    </ClCompile>
    <ClCompile Include="Others.cpp">
      <Filter>My Script Files\Others</Filter>
    </ClCompile>
    <ClCompile Include="Drawings.cpp">
      <Filter>My Script Files\Drawings</Filter>
    </ClCompile>
    <ClCompile Include="ChampionStuct.cpp">
      <Filter>My Script Files\Data</Filter>
    </ClCompile>
    <ClCompile Include="GankAlerter.cpp">
      <Filter>My Script Files\Drawings</Filter>
    </ClCompile>
    <ClCompile Include="CustomRange.cpp">
      <Filter>My Script Files\Drawings</Filter>
    </ClCompile>
    <ClCompile Include="SharedExperience.cpp">
      <Filter>My Script Files\Detector</Filter>
    </ClCompile>
    <ClCompile Include="Teleport.cpp">
      <Filter>My Script Files\Detector</Filter>
    </ClCompile>
    <ClCompile Include="AbilityTimer.cpp">
      <Filter>My Script Files\Trackers</Filter>
    </ClCompile>
    <ClCompile Include="Trackers.cpp">
      <Filter>My Script Files\Trackers</Filter>
    </ClCompile>
    <ClCompile Include="Base.cpp">
      <Filter>My Script Files\Classes</Filter>
    </ClCompile>
    <ClCompile Include="CloneDetector.cpp">
      <Filter>My Script Files\Detector</Filter>
    </ClCompile>
    <ClCompile Include="DashJumpTracker.cpp">
      <Filter>My Script Files\Trackers</Filter>
    </ClCompile>
    <ClCompile Include="CooldownTracker.cpp">
      <Filter>My Script Files\Trackers</Filter>
    </ClCompile>
    <ClCompile Include="AutoEvents.cpp">
      <Filter>My Script Files\Others</Filter>
    </ClCompile>
  </ItemGroup>
  <ItemGroup>
    <ResourceCompile Include="E2Utility.rc">
      <Filter>Arquivos de Recurso</Filter>
    </ResourceCompile>
  </ItemGroup>
  <ItemGroup>
    <Image Include="Resources\RecallBar.png">
      <Filter>Arquivos de Recurso</Filter>
    </Image>
    <Image Include="Resources\CD\hud1.png">
      <Filter>Arquivos de Recurso</Filter>
    </Image>
    <Image Include="Resources\RecallBar.bmp">
      <Filter>Arquivos de Recurso</Filter>
    </Image>
    <Image Include="Resources\CD\CD_Hud.png">
      <Filter>Arquivos de Recurso</Filter>
    </Image>
    <Image Include="Resources\CD\CD_HudSelf.png">
      <Filter>Arquivos de Recurso</Filter>
    </Image>
    <Image Include="Resources\CD\CD_HudSelf2.png">
      <Filter>Arquivos de Recurso</Filter>
    </Image>
  </ItemGroup>
</Project>